
Microsoft Visual Studio Solution File, Format Version 12.00
# Visual Studio Version 17
VisualStudioVersion = 17.0.31903.59
MinimumVisualStudioVersion = 10.0.40219.1
Project("{2150E333-8FDC-42A3-9474-1A3956D46DE8}") = "src", "src", "{827E0CD3-B72D-47B6-A68D-7590B98EB39B}"
EndProject
Project("{FAE04EC0-301F-11D3-BF4B-00C04F79EFBC}") = "TranslationApp.App", "src\TranslationApp.App\TranslationApp.App.csproj", "{55609F95-8507-4E44-BE16-41ED1914F381}"
EndProject
Project("{FAE04EC0-301F-11D3-BF4B-00C04F79EFBC}") = "TranslationApp.Core", "src\TranslationApp.Core\TranslationApp.Core.csproj", "{9A9FFF85-7E9F-42ED-82EA-695C879507C8}"
EndProject
Project("{FAE04EC0-301F-11D3-BF4B-00C04F79EFBC}") = "TranslationApp.Tests", "src\TranslationApp.Tests\TranslationApp.Tests.csproj", "{9535E463-F240-47DF-901F-1B2433A363F9}"
EndProject
Global
	GlobalSection(SolutionConfigurationPlatforms) = preSolution
		Debug|Any CPU = Debug|Any CPU
		Debug|x64 = Debug|x64
		Debug|x86 = Debug|x86
		Release|Any CPU = Release|Any CPU
		Release|x64 = Release|x64
		Release|x86 = Release|x86
	EndGlobalSection
	GlobalSection(ProjectConfigurationPlatforms) = postSolution
		{55609F95-8507-4E44-BE16-41ED1914F381}.Debug|Any CPU.ActiveCfg = Debug|Any CPU
		{55609F95-8507-4E44-BE16-41ED1914F381}.Debug|Any CPU.Build.0 = Debug|Any CPU
		{55609F95-8507-4E44-BE16-41ED1914F381}.Debug|x64.ActiveCfg = Debug|Any CPU
		{55609F95-8507-4E44-BE16-41ED1914F381}.Debug|x64.Build.0 = Debug|Any CPU
		{55609F95-8507-4E44-BE16-41ED1914F381}.Debug|x86.ActiveCfg = Debug|Any CPU
		{55609F95-8507-4E44-BE16-41ED1914F381}.Debug|x86.Build.0 = Debug|Any CPU
		{55609F95-8507-4E44-BE16-41ED1914F381}.Release|Any CPU.ActiveCfg = Release|Any CPU
		{55609F95-8507-4E44-BE16-41ED1914F381}.Release|Any CPU.Build.0 = Release|Any CPU
		{55609F95-8507-4E44-BE16-41ED1914F381}.Release|x64.ActiveCfg = Release|Any CPU
		{55609F95-8507-4E44-BE16-41ED1914F381}.Release|x64.Build.0 = Release|Any CPU
		{55609F95-8507-4E44-BE16-41ED1914F381}.Release|x86.ActiveCfg = Release|Any CPU
		{55609F95-8507-4E44-BE16-41ED1914F381}.Release|x86.Build.0 = Release|Any CPU
		{9A9FFF85-7E9F-42ED-82EA-695C879507C8}.Debug|Any CPU.ActiveCfg = Debug|Any CPU
		{9A9FFF85-7E9F-42ED-82EA-695C879507C8}.Debug|Any CPU.Build.0 = Debug|Any CPU
		{9A9FFF85-7E9F-42ED-82EA-695C879507C8}.Debug|x64.ActiveCfg = Debug|Any CPU
		{9A9FFF85-7E9F-42ED-82EA-695C879507C8}.Debug|x64.Build.0 = Debug|Any CPU
		{9A9FFF85-7E9F-42ED-82EA-695C879507C8}.Debug|x86.ActiveCfg = Debug|Any CPU
		{9A9FFF85-7E9F-42ED-82EA-695C879507C8}.Debug|x86.Build.0 = Debug|Any CPU
		{9A9FFF85-7E9F-42ED-82EA-695C879507C8}.Release|Any CPU.ActiveCfg = Release|Any CPU
		{9A9FFF85-7E9F-42ED-82EA-695C879507C8}.Release|Any CPU.Build.0 = Release|Any CPU
		{9A9FFF85-7E9F-42ED-82EA-695C879507C8}.Release|x64.ActiveCfg = Release|Any CPU
		{9A9FFF85-7E9F-42ED-82EA-695C879507C8}.Release|x64.Build.0 = Release|Any CPU
		{9A9FFF85-7E9F-42ED-82EA-695C879507C8}.Release|x86.ActiveCfg = Release|Any CPU
		{9A9FFF85-7E9F-42ED-82EA-695C879507C8}.Release|x86.Build.0 = Release|Any CPU
		{9535E463-F240-47DF-901F-1B2433A363F9}.Debug|Any CPU.ActiveCfg = Debug|Any CPU
		{9535E463-F240-47DF-901F-1B2433A363F9}.Debug|Any CPU.Build.0 = Debug|Any CPU
		{9535E463-F240-47DF-901F-1B2433A363F9}.Debug|x64.ActiveCfg = Debug|Any CPU
		{9535E463-F240-47DF-901F-1B2433A363F9}.Debug|x64.Build.0 = Debug|Any CPU
		{9535E463-F240-47DF-901F-1B2433A363F9}.Debug|x86.ActiveCfg = Debug|Any CPU
		{9535E463-F240-47DF-901F-1B2433A363F9}.Debug|x86.Build.0 = Debug|Any CPU
		{9535E463-F240-47DF-901F-1B2433A363F9}.Release|Any CPU.ActiveCfg = Release|Any CPU
		{9535E463-F240-47DF-901F-1B2433A363F9}.Release|Any CPU.Build.0 = Release|Any CPU
		{9535E463-F240-47DF-901F-1B2433A363F9}.Release|x64.ActiveCfg = Release|Any CPU
		{9535E463-F240-47DF-901F-1B2433A363F9}.Release|x64.Build.0 = Release|Any CPU
		{9535E463-F240-47DF-901F-1B2433A363F9}.Release|x86.ActiveCfg = Release|Any CPU
		{9535E463-F240-47DF-901F-1B2433A363F9}.Release|x86.Build.0 = Release|Any CPU
	EndGlobalSection
	GlobalSection(SolutionProperties) = preSolution
		HideSolutionNode = FALSE
	EndGlobalSection
	GlobalSection(NestedProjects) = preSolution
		{55609F95-8507-4E44-BE16-41ED1914F381} = {827E0CD3-B72D-47B6-A68D-7590B98EB39B}
		{9A9FFF85-7E9F-42ED-82EA-695C879507C8} = {827E0CD3-B72D-47B6-A68D-7590B98EB39B}
		{9535E463-F240-47DF-901F-1B2433A363F9} = {827E0CD3-B72D-47B6-A68D-7590B98EB39B}
	EndGlobalSection
EndGlobal
